
Microsoft Visual Studio Solution File, Format Version 12.00
# Visual Studio Version 17
VisualStudioVersion = 17.11.35327.3
MinimumVisualStudioVersion = 10.0.40219.1
Project("{FAE04EC0-301F-11D3-BF4B-00C04F79EFBC}") = "ConsoleApp1", "ConsoleApp1\ConsoleApp1.csproj", "{7E8C1E29-3BD2-4697-91DE-472D8596045B}"
EndProject
Global
	GlobalSection(SolutionConfigurationPlatforms) = preSolution
		Debug|Any CPU = Debug|Any CPU
		Release|Any CPU = Release|Any CPU
	EndGlobalSection
	GlobalSection(ProjectConfigurationPlatforms) = postSolution
		{7E8C1E29-3BD2-4697-91DE-472D8596045B}.Debug|Any CPU.ActiveCfg = Debug|Any CPU
		{7E8C1E29-3BD2-4697-91DE-472D8596045B}.Debug|Any CPU.Build.0 = Debug|Any CPU
		{7E8C1E29-3BD2-4697-91DE-472D8596045B}.Release|Any CPU.ActiveCfg = Release|Any CPU
		{7E8C1E29-3BD2-4697-91DE-472D8596045B}.Release|Any CPU.Build.0 = Release|Any CPU
	EndGlobalSection
	GlobalSection(SolutionProperties) = preSolution
		HideSolutionNode = FALSE
	EndGlobalSection
	GlobalSection(ExtensibilityGlobals) = postSolution
		SolutionGuid = {7873FD78-382B-4AF2-92FF-6CFB377005E8}
	EndGlobalSection
EndGlobal
